// !$*UTF8*$!
{
	archiveVersion = 1;
	classes = {
	};
	objectVersion = 77;
	objects = {

/* Begin PBXBuildFile section */
		C20415533032C8E200769BD3 /* DiscoverTopicCell.swift in Sources */ = {isa = PBXBuildFile; fileRef = C20415523032C8DB00769BD3 /* DiscoverTopicCell.swift */; };
		C20415583032CA4000769BD3 /* ExploreTopic.swift in Sources */ = {isa = PBXBuildFile; fileRef = C20415573032CA3E00769BD3 /* ExploreTopic.swift */; };
		C204155A3032CA5700769BD3 /* TopicCollectionViewCell.swift in Sources */ = {isa = PBXBuildFile; fileRef = C20415593032CA5500769BD3 /* TopicCollectionViewCell.swift */; };
		C204155C3032DDAF00769BD3 /* ForYouCarousleCell.swift in Sources */ = {isa = PBXBuildFile; fileRef = C204155B3032DDAA00769BD3 /* ForYouCarousleCell.swift */; };
		C204155E3032DDC800769BD3 /* ForYouArticleCell.swift in Sources */ = {isa = PBXBuildFile; fileRef = C204155D3032DDC600769BD3 /* ForYouArticleCell.swift */; };
		C20415623032F37900769BD3 /* AnimeAPIManager.swift in Sources */ = {isa = PBXBuildFile; fileRef = C20415613032F36E00769BD3 /* AnimeAPIManager.swift */; };
		C20415643032F38900769BD3 /* Anime.swift in Sources */ = {isa = PBXBuildFile; fileRef = C20415633032F38400769BD3 /* Anime.swift */; };
		C204156730340D0E00769BD3 /* AnimeTableViewCell.swift in Sources */ = {isa = PBXBuildFile; fileRef = C204156630340D0C00769BD3 /* AnimeTableViewCell.swift */; };
		C204156B30340D4B00769BD3 /* AnimeViewController.swift in Sources */ = {isa = PBXBuildFile; fileRef = C204156A30340D4A00769BD3 /* AnimeViewController.swift */; };
		C204156E30340F2700769BD3 /* AnimeXMLParser.swift in Sources */ = {isa = PBXBuildFile; fileRef = C204156D30340F2100769BD3 /* AnimeXMLParser.swift */; };
		C2041570303414D000769BD3 /* AnimeDetailViewController.swift in Sources */ = {isa = PBXBuildFile; fileRef = C204156F303414CE00769BD3 /* AnimeDetailViewController.swift */; };
		C20415733034212600769BD3 /* FreeNewsAPIManager.swift in Sources */ = {isa = PBXBuildFile; fileRef = C20415723034212400769BD3 /* FreeNewsAPIManager.swift */; };
		C20415753034217300769BD3 /* FreeNewsResponse.swift in Sources */ = {isa = PBXBuildFile; fileRef = C20415743034217100769BD3 /* FreeNewsResponse.swift */; };
		C2041578303421A600769BD3 /* ForYouViewModel.swift in Sources */ = {isa = PBXBuildFile; fileRef = C2041577303421A000769BD3 /* ForYouViewModel.swift */; };
		C243CD102FE1657F00DADE2A /* FirebaseCore in Frameworks */ = {isa = PBXBuildFile; productRef = C243CD0F2FE1657F00DADE2A /* FirebaseCore */; };
		C243CD122FE1674900DADE2A /* FirebaseAnalytics in Frameworks */ = {isa = PBXBuildFile; productRef = C243CD112FE1674900DADE2A /* FirebaseAnalytics */; };
		C243CD142FE1682D00DADE2A /* FirebaseAuth in Frameworks */ = {isa = PBXBuildFile; productRef = C243CD132FE1682D00DADE2A /* FirebaseAuth */; };
		C25224E73011DA4B00449C25 /* GoogleSignIn in Frameworks */ = {isa = PBXBuildFile; productRef = C25224E63011DA4B00449C25 /* GoogleSignIn */; };
		C25224E93011DA4B00449C25 /* GoogleSignInSwift in Frameworks */ = {isa = PBXBuildFile; productRef = C25224E83011DA4B00449C25 /* GoogleSignInSwift */; };
		C272EF2F3009499200B2AFF1 /* SearchViewController.swift in Sources */ = {isa = PBXBuildFile; fileRef = C272EF2E3009498D00B2AFF1 /* SearchViewController.swift */; };
		C272EF363009596300B2AFF1 /* SearchViewModel.swift in Sources */ = {isa = PBXBuildFile; fileRef = C272EF353009595900B2AFF1 /* SearchViewModel.swift */; };
		C272EF3930095BAA00B2AFF1 /* NewsRepository.swift in Sources */ = {isa = PBXBuildFile; fileRef = C272EF3830095BA400B2AFF1 /* NewsRepository.swift */; };
		C272EF41300DEAA100B2AFF1 /* NewsNavigationController.swift in Sources */ = {isa = PBXBuildFile; fileRef = C272EF40300DEA9800B2AFF1 /* NewsNavigationController.swift */; };
		C2F62F1E2F87643C0095FFA1 /* SplashViewController.swift in Sources */ = {isa = PBXBuildFile; fileRef = C2F62F072F8761980095FFA1 /* SplashViewController.swift */; };
		C2F62F1F2F87643C0095FFA1 /* BaseTabViewController.swift in Sources */ = {isa = PBXBuildFile; fileRef = C2F62F062F87618D0095FFA1 /* BaseTabViewController.swift */; };
		C2F62F232F8766CB0095FFA1 /* SnapKit in Frameworks */ = {isa = PBXBuildFile; productRef = C2F62F222F8766CB0095FFA1 /* SnapKit */; };
/* End PBXBuildFile section */

/* Begin PBXFileReference section */
		C20415523032C8DB00769BD3 /* DiscoverTopicCell.swift */ = {isa = PBXFileReference; lastKnownFileType = sourcecode.swift; path = DiscoverTopicCell.swift; sourceTree = "<group>"; };
		C20415573032CA3E00769BD3 /* ExploreTopic.swift */ = {isa = PBXFileReference; lastKnownFileType = sourcecode.swift; path = ExploreTopic.swift; sourceTree = "<group>"; };
		C20415593032CA5500769BD3 /* TopicCollectionViewCell.swift */ = {isa = PBXFileReference; lastKnownFileType = sourcecode.swift; path = TopicCollectionViewCell.swift; sourceTree = "<group>"; };
		C204155B3032DDAA00769BD3 /* ForYouCarousleCell.swift */ = {isa = PBXFileReference; lastKnownFileType = sourcecode.swift; path = ForYouCarousleCell.swift; sourceTree = "<group>"; };
		C204155D3032DDC600769BD3 /* ForYouArticleCell.swift */ = {isa = PBXFileReference; lastKnownFileType = sourcecode.swift; path = ForYouArticleCell.swift; sourceTree = "<group>"; };
		C20415613032F36E00769BD3 /* AnimeAPIManager.swift */ = {isa = PBXFileReference; lastKnownFileType = sourcecode.swift; path = AnimeAPIManager.swift; sourceTree = "<group>"; };
		C20415633032F38400769BD3 /* Anime.swift */ = {isa = PBXFileReference; lastKnownFileType = sourcecode.swift; path = Anime.swift; sourceTree = "<group>"; };
		C204156630340D0C00769BD3 /* AnimeTableViewCell.swift */ = {isa = PBXFileReference; lastKnownFileType = sourcecode.swift; path = AnimeTableViewCell.swift; sourceTree = "<group>"; };
		C204156A30340D4A00769BD3 /* AnimeViewController.swift */ = {isa = PBXFileReference; lastKnownFileType = sourcecode.swift; path = AnimeViewController.swift; sourceTree = "<group>"; };
		C204156D30340F2100769BD3 /* AnimeXMLParser.swift */ = {isa = PBXFileReference; lastKnownFileType = sourcecode.swift; path = AnimeXMLParser.swift; sourceTree = "<group>"; };
		C204156F303414CE00769BD3 /* AnimeDetailViewController.swift */ = {isa = PBXFileReference; lastKnownFileType = sourcecode.swift; path = AnimeDetailViewController.swift; sourceTree = "<group>"; };
		C20415723034212400769BD3 /* FreeNewsAPIManager.swift */ = {isa = PBXFileReference; lastKnownFileType = sourcecode.swift; path = FreeNewsAPIManager.swift; sourceTree = "<group>"; };
		C20415743034217100769BD3 /* FreeNewsResponse.swift */ = {isa = PBXFileReference; lastKnownFileType = sourcecode.swift; path = FreeNewsResponse.swift; sourceTree = "<group>"; };
		C2041577303421A000769BD3 /* ForYouViewModel.swift */ = {isa = PBXFileReference; lastKnownFileType = sourcecode.swift; path = ForYouViewModel.swift; sourceTree = "<group>"; };
		C252E8A22FC42A2F009653E0 /* Secrets.plist */ = {isa = PBXFileReference; lastKnownFileType = text.plist.xml; path = Secrets.plist; sourceTree = "<group>"; };
		C252E8A32FC42AE9009653E0 /* Configuration.swift */ = {isa = PBXFileReference; lastKnownFileType = sourcecode.swift; path = Configuration.swift; sourceTree = "<group>"; };
		C272EF2E3009498D00B2AFF1 /* SearchViewController.swift */ = {isa = PBXFileReference; lastKnownFileType = sourcecode.swift; path = SearchViewController.swift; sourceTree = "<group>"; };
		C272EF353009595900B2AFF1 /* SearchViewModel.swift */ = {isa = PBXFileReference; lastKnownFileType = sourcecode.swift; path = SearchViewModel.swift; sourceTree = "<group>"; };
		C272EF3830095BA400B2AFF1 /* NewsRepository.swift */ = {isa = PBXFileReference; lastKnownFileType = sourcecode.swift; path = NewsRepository.swift; sourceTree = "<group>"; };
		C272EF40300DEA9800B2AFF1 /* NewsNavigationController.swift */ = {isa = PBXFileReference; lastKnownFileType = sourcecode.swift; path = NewsNavigationController.swift; sourceTree = "<group>"; };
		C2F62ED52F8760260095FFA1 /* NewsCom.app */ = {isa = PBXFileReference; explicitFileType = wrapper.application; includeInIndex = 0; path = NewsCom.app; sourceTree = BUILT_PRODUCTS_DIR; };
		C2F62F062F87618D0095FFA1 /* BaseTabViewController.swift */ = {isa = PBXFileReference; lastKnownFileType = sourcecode.swift; path = BaseTabViewController.swift; sourceTree = "<group>"; };
		C2F62F072F8761980095FFA1 /* SplashViewController.swift */ = {isa = PBXFileReference; lastKnownFileType = sourcecode.swift; path = SplashViewController.swift; sourceTree = "<group>"; };
/* End PBXFileReference section */

/* Begin PBXFileSystemSynchronizedBuildFileExceptionSet section */
		C2F62EE72F8760280095FFA1 /* Exceptions for "NewsCom" folder in "NewsCom" target */ = {
			isa = PBXFileSystemSynchronizedBuildFileExceptionSet;
			membershipExceptions = (
				Info.plist,
			);
			target = C2F62ED42F8760260095FFA1 /* NewsCom */;
		};
/* End PBXFileSystemSynchronizedBuildFileExceptionSet section */

/* Begin PBXFileSystemSynchronizedRootGroup section */
		C229F7C22FBD6FEF0006A125 /* Features  */ = {
			isa = PBXFileSystemSynchronizedRootGroup;
			path = "Features ";
			sourceTree = "<group>";
		};
		C2F62ED72F8760260095FFA1 /* NewsCom */ = {
			isa = PBXFileSystemSynchronizedRootGroup;
			exceptions = (
				C2F62EE72F8760280095FFA1 /* Exceptions for "NewsCom" folder in "NewsCom" target */,
			);
			path = NewsCom;
			sourceTree = "<group>";
		};
/* End PBXFileSystemSynchronizedRootGroup section */

/* Begin PBXFrameworksBuildPhase section */
		C2F62ED22F8760260095FFA1 /* Frameworks */ = {
			isa = PBXFrameworksBuildPhase;
			buildActionMask = 2147483647;
			files = (
				C25224E73011DA4B00449C25 /* GoogleSignIn in Frameworks */,
				C243CD102FE1657F00DADE2A /* FirebaseCore in Frameworks */,
				C2F62F232F8766CB0095FFA1 /* SnapKit in Frameworks */,
				C25224E93011DA4B00449C25 /* GoogleSignInSwift in Frameworks */,
				C243CD122FE1674900DADE2A /* FirebaseAnalytics in Frameworks */,
				C243CD142FE1682D00DADE2A /* FirebaseAuth in Frameworks */,
			);
			runOnlyForDeploymentPostprocessing = 0;
		};
/* End PBXFrameworksBuildPhase section */

/* Begin PBXGroup section */
		C204154F302C720000769BD3 /* TabBar */ = {
			isa = PBXGroup;
			children = (
				C2F62F062F87618D0095FFA1 /* BaseTabViewController.swift */,
				C272EF40300DEA9800B2AFF1 /* NewsNavigationController.swift */,
			);
			path = TabBar;
			sourceTree = "<group>";
		};
		C2041550302C763800769BD3 /* Splash */ = {
			isa = PBXGroup;
			children = (
				C2F62F072F8761980095FFA1 /* SplashViewController.swift */,
			);
			path = Splash;
			sourceTree = "<group>";
		};
		C2041551302C76D900769BD3 /* Cells */ = {
			isa = PBXGroup;
			children = (
				C204155B3032DDAA00769BD3 /* ForYouCarousleCell.swift */,
				C204155D3032DDC600769BD3 /* ForYouArticleCell.swift */,
				C20415593032CA5500769BD3 /* TopicCollectionViewCell.swift */,
				C20415523032C8DB00769BD3 /* DiscoverTopicCell.swift */,
			);
			path = Cells;
			sourceTree = "<group>";
		};
		C20415563032CA3500769BD3 /* Model */ = {
			isa = PBXGroup;
			children = (
				C20415743034217100769BD3 /* FreeNewsResponse.swift */,
				C20415573032CA3E00769BD3 /* ExploreTopic.swift */,
			);
			path = Model;
			sourceTree = "<group>";
		};
		C204155F3032F35F00769BD3 /* Discover */ = {
			isa = PBXGroup;
			children = (
				C204156C30340F1B00769BD3 /* Helpers */,
				C204156930340D4200769BD3 /* ViewController */,
				C204156830340D1300769BD3 /* Model */,
				C204156530340D0600769BD3 /* Cells */,
				C20415603032F36900769BD3 /* Manager */,
			);
			path = Discover;
			sourceTree = "<group>";
		};
		C20415603032F36900769BD3 /* Manager */ = {
			isa = PBXGroup;
			children = (
				C20415613032F36E00769BD3 /* AnimeAPIManager.swift */,
			);
			path = Manager;
			sourceTree = "<group>";
		};
		C204156530340D0600769BD3 /* Cells */ = {
			isa = PBXGroup;
			children = (
				C204156630340D0C00769BD3 /* AnimeTableViewCell.swift */,
			);
			path = Cells;
			sourceTree = "<group>";
		};
		C204156830340D1300769BD3 /* Model */ = {
			isa = PBXGroup;
			children = (
				C20415633032F38400769BD3 /* Anime.swift */,
			);
			path = Model;
			sourceTree = "<group>";
		};
		C204156930340D4200769BD3 /* ViewController */ = {
			isa = PBXGroup;
			children = (
				C204156F303414CE00769BD3 /* AnimeDetailViewController.swift */,
				C204156A30340D4A00769BD3 /* AnimeViewController.swift */,
			);
			path = ViewController;
			sourceTree = "<group>";
		};
		C204156C30340F1B00769BD3 /* Helpers */ = {
			isa = PBXGroup;
			children = (
				C204156D30340F2100769BD3 /* AnimeXMLParser.swift */,
			);
			path = Helpers;
			sourceTree = "<group>";
		};
		C20415713034211F00769BD3 /* Manager */ = {
			isa = PBXGroup;
			children = (
				C20415723034212400769BD3 /* FreeNewsAPIManager.swift */,
			);
			path = Manager;
			sourceTree = "<group>";
		};
		C243CD0E2FE1657F00DADE2A /* Frameworks */ = {
			isa = PBXGroup;
			children = (
			);
			name = Frameworks;
			sourceTree = "<group>";
		};
		C252E89F2FC42924009653E0 /* KeysAndPassword */ = {
			isa = PBXGroup;
			children = (
				C252E8A32FC42AE9009653E0 /* Configuration.swift */,
				C252E8A22FC42A2F009653E0 /* Secrets.plist */,
			);
			path = KeysAndPassword;
			sourceTree = "<group>";
		};
		C272EF323009592B00B2AFF1 /* Search */ = {
			isa = PBXGroup;
			children = (
				C20415713034211F00769BD3 /* Manager */,
				C204155F3032F35F00769BD3 /* Discover */,
				C20415563032CA3500769BD3 /* Model */,
				C2041551302C76D900769BD3 /* Cells */,
				C272EF3730095B9800B2AFF1 /* Repository */,
				C272EF343009594F00B2AFF1 /* ViewModel */,
				C272EF333009593600B2AFF1 /* ViewController */,
			);
			path = Search;
			sourceTree = "<group>";
		};
		C272EF333009593600B2AFF1 /* ViewController */ = {
			isa = PBXGroup;
			children = (
				C272EF2E3009498D00B2AFF1 /* SearchViewController.swift */,
			);
			path = ViewController;
			sourceTree = "<group>";
		};
		C272EF343009594F00B2AFF1 /* ViewModel */ = {
			isa = PBXGroup;
			children = (
				C2041577303421A000769BD3 /* ForYouViewModel.swift */,
				C272EF353009595900B2AFF1 /* SearchViewModel.swift */,
			);
			path = ViewModel;
			sourceTree = "<group>";
		};
		C272EF3730095B9800B2AFF1 /* Repository */ = {
			isa = PBXGroup;
			children = (
				C272EF3830095BA400B2AFF1 /* NewsRepository.swift */,
			);
			path = Repository;
			sourceTree = "<group>";
		};
		C2F62ECC2F8760260095FFA1 = {
			isa = PBXGroup;
			children = (
				C252E89F2FC42924009653E0 /* KeysAndPassword */,
				C2F62ED72F8760260095FFA1 /* NewsCom */,
				C2F62F052F8761710095FFA1 /* Core */,
				C229F7C22FBD6FEF0006A125 /* Features  */,
				C243CD0E2FE1657F00DADE2A /* Frameworks */,
				C2F62ED62F8760260095FFA1 /* Products */,
			);
			sourceTree = "<group>";
		};
		C2F62ED62F8760260095FFA1 /* Products */ = {
			isa = PBXGroup;
			children = (
				C2F62ED52F8760260095FFA1 /* NewsCom.app */,
			);
			name = Products;
			sourceTree = "<group>";
		};
		C2F62F052F8761710095FFA1 /* Core */ = {
			isa = PBXGroup;
			children = (
				C204154F302C720000769BD3 /* TabBar */,
				C272EF323009592B00B2AFF1 /* Search */,
				C2041550302C763800769BD3 /* Splash */,
			);
			path = Core;
			sourceTree = "<group>";
		};
/* End PBXGroup section */

/* Begin PBXNativeTarget section */
		C2F62ED42F8760260095FFA1 /* NewsCom */ = {
			isa = PBXNativeTarget;
			buildConfigurationList = C2F62EE82F8760280095FFA1 /* Build configuration list for PBXNativeTarget "NewsCom" */;
			buildPhases = (
				C2F62ED12F8760260095FFA1 /* Sources */,
				C2F62ED22F8760260095FFA1 /* Frameworks */,
				C2F62ED32F8760260095FFA1 /* Resources */,
			);
			buildRules = (
			);
			dependencies = (
			);
			fileSystemSynchronizedGroups = (
				C229F7C22FBD6FEF0006A125 /* Features  */,
				C2F62ED72F8760260095FFA1 /* NewsCom */,
			);
			name = NewsCom;
			packageProductDependencies = (
				C2F62F222F8766CB0095FFA1 /* SnapKit */,
				C243CD0F2FE1657F00DADE2A /* FirebaseCore */,
				C243CD112FE1674900DADE2A /* FirebaseAnalytics */,
				C243CD132FE1682D00DADE2A /* FirebaseAuth */,
				C25224E63011DA4B00449C25 /* GoogleSignIn */,
				C25224E83011DA4B00449C25 /* GoogleSignInSwift */,
			);
			productName = NewsCom;
			productReference = C2F62ED52F8760260095FFA1 /* NewsCom.app */;
			productType = "com.apple.product-type.application";
		};
/* End PBXNativeTarget section */

/* Begin PBXProject section */
		C2F62ECD2F8760260095FFA1 /* Project object */ = {
			isa = PBXProject;
			attributes = {
				BuildIndependentTargetsInParallel = 1;
				LastSwiftUpdateCheck = 2630;
				LastUpgradeCheck = 2630;
				TargetAttributes = {
					C2F62ED42F8760260095FFA1 = {
						CreatedOnToolsVersion = 26.3;
					};
				};
			};
			buildConfigurationList = C2F62ED02F8760260095FFA1 /* Build configuration list for PBXProject "NewsCom" */;
			developmentRegion = en;
			hasScannedForEncodings = 0;
			knownRegions = (
				en,
				Base,
			);
			mainGroup = C2F62ECC2F8760260095FFA1;
			minimizedProjectReferenceProxies = 1;
			packageReferences = (
				C2F62F212F8766CB0095FFA1 /* XCRemoteSwiftPackageReference "SnapKit" */,
				C23F0EF22FE1080400C8676B /* XCRemoteSwiftPackageReference "firebase-ios-sdk" */,
				C25224E53011DA4B00449C25 /* XCRemoteSwiftPackageReference "GoogleSignIn-iOS" */,
			);
			preferredProjectObjectVersion = 77;
			productRefGroup = C2F62ED62F8760260095FFA1 /* Products */;
			projectDirPath = "";
			projectRoot = "";
			targets = (
				C2F62ED42F8760260095FFA1 /* NewsCom */,
			);
		};
/* End PBXProject section */

/* Begin PBXResourcesBuildPhase section */
		C2F62ED32F8760260095FFA1 /* Resources */ = {
			isa = PBXResourcesBuildPhase;
			buildActionMask = 2147483647;
			files = (
			);
			runOnlyForDeploymentPostprocessing = 0;
		};
/* End PBXResourcesBuildPhase section */

/* Begin PBXSourcesBuildPhase section */
		C2F62ED12F8760260095FFA1 /* Sources */ = {
			isa = PBXSourcesBuildPhase;
			buildActionMask = 2147483647;
			files = (
				C204155A3032CA5700769BD3 /* TopicCollectionViewCell.swift in Sources */,
				C2041570303414D000769BD3 /* AnimeDetailViewController.swift in Sources */,
				C20415533032C8E200769BD3 /* DiscoverTopicCell.swift in Sources */,
				C20415733034212600769BD3 /* FreeNewsAPIManager.swift in Sources */,
				C204156730340D0E00769BD3 /* AnimeTableViewCell.swift in Sources */,
				C20415583032CA4000769BD3 /* ExploreTopic.swift in Sources */,
				C2041578303421A600769BD3 /* ForYouViewModel.swift in Sources */,
				C204155C3032DDAF00769BD3 /* ForYouCarousleCell.swift in Sources */,
				C20415643032F38900769BD3 /* Anime.swift in Sources */,
				C20415623032F37900769BD3 /* AnimeAPIManager.swift in Sources */,
				C204156B30340D4B00769BD3 /* AnimeViewController.swift in Sources */,
				C204155E3032DDC800769BD3 /* ForYouArticleCell.swift in Sources */,
				C272EF41300DEAA100B2AFF1 /* NewsNavigationController.swift in Sources */,
				C272EF363009596300B2AFF1 /* SearchViewModel.swift in Sources */,
				C272EF3930095BAA00B2AFF1 /* NewsRepository.swift in Sources */,
				C272EF2F3009499200B2AFF1 /* SearchViewController.swift in Sources */,
				C204156E30340F2700769BD3 /* AnimeXMLParser.swift in Sources */,
				C20415753034217300769BD3 /* FreeNewsResponse.swift in Sources */,
				C2F62F1E2F87643C0095FFA1 /* SplashViewController.swift in Sources */,
				C2F62F1F2F87643C0095FFA1 /* BaseTabViewController.swift in Sources */,
			);
			runOnlyForDeploymentPostprocessing = 0;
		};
/* End PBXSourcesBuildPhase section */

/* Begin XCBuildConfiguration section */
		C2F62EE92F8760280095FFA1 /* Debug */ = {
			isa = XCBuildConfiguration;
			buildSettings = {
				ASSETCATALOG_COMPILER_APPICON_NAME = AppIcon;
				ASSETCATALOG_COMPILER_GLOBAL_ACCENT_COLOR_NAME = AccentColor;
				CODE_SIGN_ENTITLEMENTS = NewsCom/NewsCom.entitlements;
				CODE_SIGN_STYLE = Automatic;
				CURRENT_PROJECT_VERSION = 1;
				DEVELOPMENT_TEAM = 9WR4HSZD3V;
				GENERATE_INFOPLIST_FILE = YES;
				INFOPLIST_FILE = NewsCom/Info.plist;
				INFOPLIST_KEY_UIApplicationSupportsIndirectInputEvents = YES;
				INFOPLIST_KEY_UILaunchStoryboardName = LaunchScreen;
				INFOPLIST_KEY_UIMainStoryboardFile = Main;
				INFOPLIST_KEY_UISupportedInterfaceOrientations_iPad = "UIInterfaceOrientationPortrait UIInterfaceOrientationPortraitUpsideDown UIInterfaceOrientationLandscapeLeft UIInterfaceOrientationLandscapeRight";
				INFOPLIST_KEY_UISupportedInterfaceOrientations_iPhone = "UIInterfaceOrientationPortrait UIInterfaceOrientationLandscapeLeft UIInterfaceOrientationLandscapeRight";
				IPHONEOS_DEPLOYMENT_TARGET = 18.6;
				LD_RUNPATH_SEARCH_PATHS = (
					"$(inherited)",
					"@executable_path/Frameworks",
				);
				MACH_O_TYPE = mh_execute;
				MARKETING_VERSION = 1.0;
				PRODUCT_BUNDLE_IDENTIFIER = Test.NewsCom;
				PRODUCT_NAME = "$(TARGET_NAME)";
				STRING_CATALOG_GENERATE_SYMBOLS = YES;
				SWIFT_APPROACHABLE_CONCURRENCY = YES;
				SWIFT_DEFAULT_ACTOR_ISOLATION = MainActor;
				SWIFT_EMIT_LOC_STRINGS = YES;
				SWIFT_UPCOMING_FEATURE_MEMBER_IMPORT_VISIBILITY = YES;
				SWIFT_VERSION = 5.0;
				TARGETED_DEVICE_FAMILY = "1,2";
			};
			name = Debug;
		};
		C2F62EEA2F8760280095FFA1 /* Release */ = {
			isa = XCBuildConfiguration;
			buildSettings = {
				ASSETCATALOG_COMPILER_APPICON_NAME = AppIcon;
				ASSETCATALOG_COMPILER_GLOBAL_ACCENT_COLOR_NAME = AccentColor;
				CODE_SIGN_ENTITLEMENTS = NewsCom/NewsCom.entitlements;
				CODE_SIGN_STYLE = Automatic;
				CURRENT_PROJECT_VERSION = 1;
				DEVELOPMENT_TEAM = 9WR4HSZD3V;
				GENERATE_INFOPLIST_FILE = YES;
				INFOPLIST_FILE = NewsCom/Info.plist;
				INFOPLIST_KEY_UIApplicationSupportsIndirectInputEvents = YES;
				INFOPLIST_KEY_UILaunchStoryboardName = LaunchScreen;
				INFOPLIST_KEY_UIMainStoryboardFile = Main;
				INFOPLIST_KEY_UISupportedInterfaceOrientations_iPad = "UIInterfaceOrientationPortrait UIInterfaceOrientationPortraitUpsideDown UIInterfaceOrientationLandscapeLeft UIInterfaceOrientationLandscapeRight";
				INFOPLIST_KEY_UISupportedInterfaceOrientations_iPhone = "UIInterfaceOrientationPortrait UIInterfaceOrientationLandscapeLeft UIInterfaceOrientationLandscapeRight";
				IPHONEOS_DEPLOYMENT_TARGET = 18.6;
				LD_RUNPATH_SEARCH_PATHS = (
					"$(inherited)",
					"@executable_path/Frameworks",
				);
				MACH_O_TYPE = mh_execute;
				MARKETING_VERSION = 1.0;
				PRODUCT_BUNDLE_IDENTIFIER = Test.NewsCom;
				PRODUCT_NAME = "$(TARGET_NAME)";
				STRING_CATALOG_GENERATE_SYMBOLS = YES;
				SWIFT_APPROACHABLE_CONCURRENCY = YES;
				SWIFT_DEFAULT_ACTOR_ISOLATION = MainActor;
				SWIFT_EMIT_LOC_STRINGS = YES;
				SWIFT_UPCOMING_FEATURE_MEMBER_IMPORT_VISIBILITY = YES;
				SWIFT_VERSION = 5.0;
				TARGETED_DEVICE_FAMILY = "1,2";
			};
			name = Release;
		};
		C2F62EEB2F8760280095FFA1 /* Debug */ = {
			isa = XCBuildConfiguration;
			buildSettings = {
				ALWAYS_SEARCH_USER_PATHS = NO;
				ASSETCATALOG_COMPILER_GENERATE_SWIFT_ASSET_SYMBOL_EXTENSIONS = YES;
				CLANG_ANALYZER_NONNULL = YES;
				CLANG_ANALYZER_NUMBER_OBJECT_CONVERSION = YES_AGGRESSIVE;
				CLANG_CXX_LANGUAGE_STANDARD = "gnu++20";
				CLANG_ENABLE_MODULES = YES;
				CLANG_ENABLE_OBJC_ARC = YES;
				CLANG_ENABLE_OBJC_WEAK = YES;
				CLANG_WARN_BLOCK_CAPTURE_AUTORELEASING = YES;
				CLANG_WARN_BOOL_CONVERSION = YES;
				CLANG_WARN_COMMA = YES;
				CLANG_WARN_CONSTANT_CONVERSION = YES;
				CLANG_WARN_DEPRECATED_OBJC_IMPLEMENTATIONS = YES;
				CLANG_WARN_DIRECT_OBJC_ISA_USAGE = YES_ERROR;
				CLANG_WARN_DOCUMENTATION_COMMENTS = YES;
				CLANG_WARN_EMPTY_BODY = YES;
				CLANG_WARN_ENUM_CONVERSION = YES;
				CLANG_WARN_INFINITE_RECURSION = YES;
				CLANG_WARN_INT_CONVERSION = YES;
				CLANG_WARN_NON_LITERAL_NULL_CONVERSION = YES;
				CLANG_WARN_OBJC_IMPLICIT_RETAIN_SELF = YES;
				CLANG_WARN_OBJC_LITERAL_CONVERSION = YES;
				CLANG_WARN_OBJC_ROOT_CLASS = YES_ERROR;
				CLANG_WARN_QUOTED_INCLUDE_IN_FRAMEWORK_HEADER = YES;
				CLANG_WARN_RANGE_LOOP_ANALYSIS = YES;
				CLANG_WARN_STRICT_PROTOTYPES = YES;
				CLANG_WARN_SUSPICIOUS_MOVE = YES;
				CLANG_WARN_UNGUARDED_AVAILABILITY = YES_AGGRESSIVE;
				CLANG_WARN_UNREACHABLE_CODE = YES;
				CLANG_WARN__DUPLICATE_METHOD_MATCH = YES;
				COPY_PHASE_STRIP = NO;
				DEBUG_INFORMATION_FORMAT = dwarf;
				ENABLE_STRICT_OBJC_MSGSEND = YES;
				ENABLE_TESTABILITY = YES;
				ENABLE_USER_SCRIPT_SANDBOXING = YES;
				GCC_C_LANGUAGE_STANDARD = gnu17;
				GCC_DYNAMIC_NO_PIC = NO;
				GCC_NO_COMMON_BLOCKS = YES;
				GCC_OPTIMIZATION_LEVEL = 0;
				GCC_PREPROCESSOR_DEFINITIONS = (
					"DEBUG=1",
					"$(inherited)",
				);
				GCC_WARN_64_TO_32_BIT_CONVERSION = YES;
				GCC_WARN_ABOUT_RETURN_TYPE = YES_ERROR;
				GCC_WARN_UNDECLARED_SELECTOR = YES;
				GCC_WARN_UNINITIALIZED_AUTOS = YES_AGGRESSIVE;
				GCC_WARN_UNUSED_FUNCTION = YES;
				GCC_WARN_UNUSED_VARIABLE = YES;
				IPHONEOS_DEPLOYMENT_TARGET = 26.2;
				LOCALIZATION_PREFERS_STRING_CATALOGS = YES;
				MTL_ENABLE_DEBUG_INFO = INCLUDE_SOURCE;
				MTL_FAST_MATH = YES;
				ONLY_ACTIVE_ARCH = YES;
				SDKROOT = iphoneos;
				SWIFT_ACTIVE_COMPILATION_CONDITIONS = "DEBUG $(inherited)";
				SWIFT_OPTIMIZATION_LEVEL = "-Onone";
			};
			name = Debug;
		};
		C2F62EEC2F8760280095FFA1 /* Release */ = {
			isa = XCBuildConfiguration;
			buildSettings = {
				ALWAYS_SEARCH_USER_PATHS = NO;
				ASSETCATALOG_COMPILER_GENERATE_SWIFT_ASSET_SYMBOL_EXTENSIONS = YES;
				CLANG_ANALYZER_NONNULL = YES;
				CLANG_ANALYZER_NUMBER_OBJECT_CONVERSION = YES_AGGRESSIVE;
				CLANG_CXX_LANGUAGE_STANDARD = "gnu++20";
				CLANG_ENABLE_MODULES = YES;
				CLANG_ENABLE_OBJC_ARC = YES;
				CLANG_ENABLE_OBJC_WEAK = YES;
				CLANG_WARN_BLOCK_CAPTURE_AUTORELEASING = YES;
				CLANG_WARN_BOOL_CONVERSION = YES;
				CLANG_WARN_COMMA = YES;
				CLANG_WARN_CONSTANT_CONVERSION = YES;
				CLANG_WARN_DEPRECATED_OBJC_IMPLEMENTATIONS = YES;
				CLANG_WARN_DIRECT_OBJC_ISA_USAGE = YES_ERROR;
				CLANG_WARN_DOCUMENTATION_COMMENTS = YES;
				CLANG_WARN_EMPTY_BODY = YES;
				CLANG_WARN_ENUM_CONVERSION = YES;
				CLANG_WARN_INFINITE_RECURSION = YES;
				CLANG_WARN_INT_CONVERSION = YES;
				CLANG_WARN_NON_LITERAL_NULL_CONVERSION = YES;
				CLANG_WARN_OBJC_IMPLICIT_RETAIN_SELF = YES;
				CLANG_WARN_OBJC_LITERAL_CONVERSION = YES;
				CLANG_WARN_OBJC_ROOT_CLASS = YES_ERROR;
				CLANG_WARN_QUOTED_INCLUDE_IN_FRAMEWORK_HEADER = YES;
				CLANG_WARN_RANGE_LOOP_ANALYSIS = YES;
				CLANG_WARN_STRICT_PROTOTYPES = YES;
				CLANG_WARN_SUSPICIOUS_MOVE = YES;
				CLANG_WARN_UNGUARDED_AVAILABILITY = YES_AGGRESSIVE;
				CLANG_WARN_UNREACHABLE_CODE = YES;
				CLANG_WARN__DUPLICATE_METHOD_MATCH = YES;
				COPY_PHASE_STRIP = NO;
				DEBUG_INFORMATION_FORMAT = "dwarf-with-dsym";
				ENABLE_NS_ASSERTIONS = NO;
				ENABLE_STRICT_OBJC_MSGSEND = YES;
				ENABLE_USER_SCRIPT_SANDBOXING = YES;
				GCC_C_LANGUAGE_STANDARD = gnu17;
				GCC_NO_COMMON_BLOCKS = YES;
				GCC_WARN_64_TO_32_BIT_CONVERSION = YES;
				GCC_WARN_ABOUT_RETURN_TYPE = YES_ERROR;
				GCC_WARN_UNDECLARED_SELECTOR = YES;
				GCC_WARN_UNINITIALIZED_AUTOS = YES_AGGRESSIVE;
				GCC_WARN_UNUSED_FUNCTION = YES;
				GCC_WARN_UNUSED_VARIABLE = YES;
				IPHONEOS_DEPLOYMENT_TARGET = 26.2;
				LOCALIZATION_PREFERS_STRING_CATALOGS = YES;
				MTL_ENABLE_DEBUG_INFO = NO;
				MTL_FAST_MATH = YES;
				SDKROOT = iphoneos;
				SWIFT_COMPILATION_MODE = wholemodule;
				VALIDATE_PRODUCT = YES;
			};
			name = Release;
		};
/* End XCBuildConfiguration section */

/* Begin XCConfigurationList section */
		C2F62ED02F8760260095FFA1 /* Build configuration list for PBXProject "NewsCom" */ = {
			isa = XCConfigurationList;
			buildConfigurations = (
				C2F62EEB2F8760280095FFA1 /* Debug */,
				C2F62EEC2F8760280095FFA1 /* Release */,
			);
			defaultConfigurationIsVisible = 0;
			defaultConfigurationName = Release;
		};
		C2F62EE82F8760280095FFA1 /* Build configuration list for PBXNativeTarget "NewsCom" */ = {
			isa = XCConfigurationList;
			buildConfigurations = (
				C2F62EE92F8760280095FFA1 /* Debug */,
				C2F62EEA2F8760280095FFA1 /* Release */,
			);
			defaultConfigurationIsVisible = 0;
			defaultConfigurationName = Release;
		};
/* End XCConfigurationList section */

/* Begin XCRemoteSwiftPackageReference section */
		C23F0EF22FE1080400C8676B /* XCRemoteSwiftPackageReference "firebase-ios-sdk" */ = {
			isa = XCRemoteSwiftPackageReference;
			repositoryURL = "https://github.com/firebase/firebase-ios-sdk";
			requirement = {
				kind = upToNextMajorVersion;
				minimumVersion = 12.14.0;
			};
		};
		C25224E53011DA4B00449C25 /* XCRemoteSwiftPackageReference "GoogleSignIn-iOS" */ = {
			isa = XCRemoteSwiftPackageReference;
			repositoryURL = "https://github.com/google/GoogleSignIn-iOS";
			requirement = {
				kind = upToNextMajorVersion;
				minimumVersion = 9.2.0;
			};
		};
		C2F62F212F8766CB0095FFA1 /* XCRemoteSwiftPackageReference "SnapKit" */ = {
			isa = XCRemoteSwiftPackageReference;
			repositoryURL = "https://github.com/SnapKit/SnapKit.git";
			requirement = {
				kind = upToNextMajorVersion;
				minimumVersion = 5.7.1;
			};
		};
/* End XCRemoteSwiftPackageReference section */

/* Begin XCSwiftPackageProductDependency section */
		C243CD0F2FE1657F00DADE2A /* FirebaseCore */ = {
			isa = XCSwiftPackageProductDependency;
			package = C23F0EF22FE1080400C8676B /* XCRemoteSwiftPackageReference "firebase-ios-sdk" */;
			productName = FirebaseCore;
		};
		C243CD112FE1674900DADE2A /* FirebaseAnalytics */ = {
			isa = XCSwiftPackageProductDependency;
			package = C23F0EF22FE1080400C8676B /* XCRemoteSwiftPackageReference "firebase-ios-sdk" */;
			productName = FirebaseAnalytics;
		};
		C243CD132FE1682D00DADE2A /* FirebaseAuth */ = {
			isa = XCSwiftPackageProductDependency;
			package = C23F0EF22FE1080400C8676B /* XCRemoteSwiftPackageReference "firebase-ios-sdk" */;
			productName = FirebaseAuth;
		};
		C25224E63011DA4B00449C25 /* GoogleSignIn */ = {
			isa = XCSwiftPackageProductDependency;
			package = C25224E53011DA4B00449C25 /* XCRemoteSwiftPackageReference "GoogleSignIn-iOS" */;
			productName = GoogleSignIn;
		};
		C25224E83011DA4B00449C25 /* GoogleSignInSwift */ = {
			isa = XCSwiftPackageProductDependency;
			package = C25224E53011DA4B00449C25 /* XCRemoteSwiftPackageReference "GoogleSignIn-iOS" */;
			productName = GoogleSignInSwift;
		};
		C2F62F222F8766CB0095FFA1 /* SnapKit */ = {
			isa = XCSwiftPackageProductDependency;
			package = C2F62F212F8766CB0095FFA1 /* XCRemoteSwiftPackageReference "SnapKit" */;
			productName = SnapKit;
		};
/* End XCSwiftPackageProductDependency section */
	};
	rootObject = C2F62ECD2F8760260095FFA1 /* Project object */;
}
